// !$*UTF8*$!
{
	archiveVersion = 1;
	classes = {
	};
	objectVersion = 77;
	objects = {

/* Begin PBXBuildFile section */
		3C6190AB2E83F9A900A309C9 /* csmemoryallcator.cpp in Sources */ = {isa = PBXBuildFile; fileRef = 3C61909A2E83F9A900A309C9 /* csmemoryallcator.cpp */; };
		3C6190AC2E83F9A900A309C9 /* cornerstonesdkcore.cpp in Sources */ = {isa = PBXBuildFile; fileRef = 3C6190A72E83F9A900A309C9 /* cornerstonesdkcore.cpp */; };
		3C6190AD2E83F9A900A309C9 /* csthreadallocator.cpp in Sources */ = {isa = PBXBuildFile; fileRef = 3C6190A12E83F9A900A309C9 /* csthreadallocator.cpp */; };
		3C6190AE2E83F9A900A309C9 /* managedthreadpool.cpp in Sources */ = {isa = PBXBuildFile; fileRef = 3C6190A32E83F9A900A309C9 /* managedthreadpool.cpp */; };
/* End PBXBuildFile section */

/* Begin PBXCopyFilesBuildPhase section */
		3C6190422E83F8AA00A309C9 /* CopyFiles */ = {
			isa = PBXCopyFilesBuildPhase;
			buildActionMask = 2147483647;
			dstPath = "include/$(PRODUCT_NAME)";
			dstSubfolderSpec = 16;
			files = (
			);
			runOnlyForDeploymentPostprocessing = 0;
		};
/* End PBXCopyFilesBuildPhase section */

/* Begin PBXFileReference section */
		3C6190442E83F8AA00A309C9 /* libCornerStoneSDK.a */ = {isa = PBXFileReference; explicitFileType = archive.ar; includeInIndex = 0; path = libCornerStoneSDK.a; sourceTree = BUILT_PRODUCTS_DIR; };
		3C6190992E83F9A900A309C9 /* csmemory_api.h */ = {isa = PBXFileReference; lastKnownFileType = sourcecode.c.h; path = csmemory_api.h; sourceTree = "<group>"; };
		3C61909A2E83F9A900A309C9 /* csmemoryallcator.cpp */ = {isa = PBXFileReference; lastKnownFileType = sourcecode.cpp.cpp; path = csmemoryallcator.cpp; sourceTree = "<group>"; };
		3C61909B2E83F9A900A309C9 /* csmemoryallocator.h */ = {isa = PBXFileReference; lastKnownFileType = sourcecode.c.h; path = csmemoryallocator.h; sourceTree = "<group>"; };
		3C61909C2E83F9A900A309C9 /* csnewdelete.h */ = {isa = PBXFileReference; lastKnownFileType = sourcecode.c.h; path = csnewdelete.h; sourceTree = "<group>"; };
		3C61909D2E83F9A900A309C9 /* memoryutils.h */ = {isa = PBXFileReference; lastKnownFileType = sourcecode.c.h; path = memoryutils.h; sourceTree = "<group>"; };
		3C61909F2E83F9A900A309C9 /* csthread_api.h */ = {isa = PBXFileReference; lastKnownFileType = sourcecode.c.h; path = csthread_api.h; sourceTree = "<group>"; };
		3C6190A02E83F9A900A309C9 /* csthreadallocator.h */ = {isa = PBXFileReference; lastKnownFileType = sourcecode.c.h; path = csthreadallocator.h; sourceTree = "<group>"; };
		3C6190A12E83F9A900A309C9 /* csthreadallocator.cpp */ = {isa = PBXFileReference; lastKnownFileType = sourcecode.cpp.cpp; path = csthreadallocator.cpp; sourceTree = "<group>"; };
		3C6190A22E83F9A900A309C9 /* managedthreadpool.h */ = {isa = PBXFileReference; lastKnownFileType = sourcecode.c.h; path = managedthreadpool.h; sourceTree = "<group>"; };
		3C6190A32E83F9A900A309C9 /* managedthreadpool.cpp */ = {isa = PBXFileReference; lastKnownFileType = sourcecode.cpp.cpp; path = managedthreadpool.cpp; sourceTree = "<group>"; };
		3C6190A42E83F9A900A309C9 /* managedthreadpool_impl.h */ = {isa = PBXFileReference; lastKnownFileType = sourcecode.c.h; path = managedthreadpool_impl.h; sourceTree = "<group>"; };
		3C6190A62E83F9A900A309C9 /* cornerstonesdkcore.h */ = {isa = PBXFileReference; lastKnownFileType = sourcecode.c.h; path = cornerstonesdkcore.h; sourceTree = "<group>"; };
		3C6190A72E83F9A900A309C9 /* cornerstonesdkcore.cpp */ = {isa = PBXFileReference; lastKnownFileType = sourcecode.cpp.cpp; path = cornerstonesdkcore.cpp; sourceTree = "<group>"; };
		3C6190A82E83F9A900A309C9 /* main.cpp */ = {isa = PBXFileReference; lastKnownFileType = sourcecode.cpp.cpp; path = main.cpp; sourceTree = "<group>"; };
/* End PBXFileReference section */

/* Begin PBXFrameworksBuildPhase section */
		3C6190412E83F8AA00A309C9 /* Frameworks */ = {
			isa = PBXFrameworksBuildPhase;
			buildActionMask = 2147483647;
			files = (
			);
			runOnlyForDeploymentPostprocessing = 0;
		};
/* End PBXFrameworksBuildPhase section */

/* Begin PBXGroup section */
		3C61903B2E83F8AA00A309C9 = {
			isa = PBXGroup;
			children = (
				3C6190A92E83F9A900A309C9 /* src */,
				3C6190452E83F8AA00A309C9 /* Products */,
			);
			sourceTree = "<group>";
		};
		3C6190452E83F8AA00A309C9 /* Products */ = {
			isa = PBXGroup;
			children = (
				3C6190442E83F8AA00A309C9 /* libCornerStoneSDK.a */,
			);
			name = Products;
			sourceTree = "<group>";
		};
		3C61909E2E83F9A900A309C9 /* memory */ = {
			isa = PBXGroup;
			children = (
				3C6190992E83F9A900A309C9 /* csmemory_api.h */,
				3C61909A2E83F9A900A309C9 /* csmemoryallcator.cpp */,
				3C61909B2E83F9A900A309C9 /* csmemoryallocator.h */,
				3C61909C2E83F9A900A309C9 /* csnewdelete.h */,
				3C61909D2E83F9A900A309C9 /* memoryutils.h */,
			);
			path = memory;
			sourceTree = "<group>";
		};
		3C6190A52E83F9A900A309C9 /* thread */ = {
			isa = PBXGroup;
			children = (
				3C61909F2E83F9A900A309C9 /* csthread_api.h */,
				3C6190A02E83F9A900A309C9 /* csthreadallocator.h */,
				3C6190A12E83F9A900A309C9 /* csthreadallocator.cpp */,
				3C6190A22E83F9A900A309C9 /* managedthreadpool.h */,
				3C6190A32E83F9A900A309C9 /* managedthreadpool.cpp */,
				3C6190A42E83F9A900A309C9 /* managedthreadpool_impl.h */,
			);
			path = thread;
			sourceTree = "<group>";
		};
		3C6190A92E83F9A900A309C9 /* src */ = {
			isa = PBXGroup;
			children = (
				3C61909E2E83F9A900A309C9 /* memory */,
				3C6190A52E83F9A900A309C9 /* thread */,
				3C6190A62E83F9A900A309C9 /* cornerstonesdkcore.h */,
				3C6190A72E83F9A900A309C9 /* cornerstonesdkcore.cpp */,
				3C6190A82E83F9A900A309C9 /* main.cpp */,
			);
			name = src;
			path = /Users/eipark/repos/CornerStoneSDK/src;
			sourceTree = "<absolute>";
		};
/* End PBXGroup section */

/* Begin PBXNativeTarget section */
		3C6190432E83F8AA00A309C9 /* CornerStoneSDK */ = {
			isa = PBXNativeTarget;
			buildConfigurationList = 3C61904E2E83F8AA00A309C9 /* Build configuration list for PBXNativeTarget "CornerStoneSDK" */;
			buildPhases = (
				3C6190402E83F8AA00A309C9 /* Sources */,
				3C6190412E83F8AA00A309C9 /* Frameworks */,
				3C6190422E83F8AA00A309C9 /* CopyFiles */,
			);
			buildRules = (
			);
			dependencies = (
			);
			name = CornerStoneSDK;
			packageProductDependencies = (
			);
			productName = CornerStoneSDK;
			productReference = 3C6190442E83F8AA00A309C9 /* libCornerStoneSDK.a */;
			productType = "com.apple.product-type.library.static";
		};
/* End PBXNativeTarget section */

/* Begin PBXProject section */
		3C61903C2E83F8AA00A309C9 /* Project object */ = {
			isa = PBXProject;
			attributes = {
				BuildIndependentTargetsInParallel = 1;
				LastUpgradeCheck = 1620;
				TargetAttributes = {
					3C6190432E83F8AA00A309C9 = {
						CreatedOnToolsVersion = 16.2;
					};
				};
			};
			buildConfigurationList = 3C61903F2E83F8AA00A309C9 /* Build configuration list for PBXProject "CornerStoneSDK" */;
			developmentRegion = en;
			hasScannedForEncodings = 0;
			knownRegions = (
				en,
				Base,
			);
			mainGroup = 3C61903B2E83F8AA00A309C9;
			minimizedProjectReferenceProxies = 1;
			preferredProjectObjectVersion = 77;
			productRefGroup = 3C6190452E83F8AA00A309C9 /* Products */;
			projectDirPath = "";
			projectRoot = "";
			targets = (
				3C6190432E83F8AA00A309C9 /* CornerStoneSDK */,
			);
		};
/* End PBXProject section */

/* Begin PBXSourcesBuildPhase section */
		3C6190402E83F8AA00A309C9 /* Sources */ = {
			isa = PBXSourcesBuildPhase;
			buildActionMask = 2147483647;
			files = (
				3C6190AB2E83F9A900A309C9 /* csmemoryallcator.cpp in Sources */,
				3C6190AC2E83F9A900A309C9 /* cornerstonesdkcore.cpp in Sources */,
				3C6190AD2E83F9A900A309C9 /* csthreadallocator.cpp in Sources */,
				3C6190AE2E83F9A900A309C9 /* managedthreadpool.cpp in Sources */,
			);
			runOnlyForDeploymentPostprocessing = 0;
		};
/* End PBXSourcesBuildPhase section */

/* Begin XCBuildConfiguration section */
		3C61904C2E83F8AA00A309C9 /* Debug */ = {
			isa = XCBuildConfiguration;
			buildSettings = {
				ALWAYS_SEARCH_USER_PATHS = NO;
				ASSETCATALOG_COMPILER_GENERATE_SWIFT_ASSET_SYMBOL_EXTENSIONS = YES;
				CLANG_ANALYZER_NONNULL = YES;
				CLANG_ANALYZER_NUMBER_OBJECT_CONVERSION = YES_AGGRESSIVE;
				CLANG_CXX_LANGUAGE_STANDARD = "gnu++20";
				CLANG_ENABLE_MODULES = YES;
				CLANG_ENABLE_OBJC_ARC = YES;
				CLANG_ENABLE_OBJC_WEAK = YES;
				CLANG_WARN_BLOCK_CAPTURE_AUTORELEASING = YES;
				CLANG_WARN_BOOL_CONVERSION = YES;
				CLANG_WARN_COMMA = YES;
				CLANG_WARN_CONSTANT_CONVERSION = YES;
				CLANG_WARN_DEPRECATED_OBJC_IMPLEMENTATIONS = YES;
				CLANG_WARN_DIRECT_OBJC_ISA_USAGE = YES_ERROR;
				CLANG_WARN_DOCUMENTATION_COMMENTS = YES;
				CLANG_WARN_EMPTY_BODY = YES;
				CLANG_WARN_ENUM_CONVERSION = YES;
				CLANG_WARN_INFINITE_RECURSION = YES;
				CLANG_WARN_INT_CONVERSION = YES;
				CLANG_WARN_NON_LITERAL_NULL_CONVERSION = YES;
				CLANG_WARN_OBJC_IMPLICIT_RETAIN_SELF = YES;
				CLANG_WARN_OBJC_LITERAL_CONVERSION = YES;
				CLANG_WARN_OBJC_ROOT_CLASS = YES_ERROR;
				CLANG_WARN_QUOTED_INCLUDE_IN_FRAMEWORK_HEADER = YES;
				CLANG_WARN_RANGE_LOOP_ANALYSIS = YES;
				CLANG_WARN_STRICT_PROTOTYPES = YES;
				CLANG_WARN_SUSPICIOUS_MOVE = YES;
				CLANG_WARN_UNGUARDED_AVAILABILITY = YES_AGGRESSIVE;
				CLANG_WARN_UNREACHABLE_CODE = YES;
				CLANG_WARN__DUPLICATE_METHOD_MATCH = YES;
				COPY_PHASE_STRIP = NO;
				DEBUG_INFORMATION_FORMAT = dwarf;
				ENABLE_STRICT_OBJC_MSGSEND = YES;
				ENABLE_TESTABILITY = YES;
				ENABLE_USER_SCRIPT_SANDBOXING = YES;
				GCC_C_LANGUAGE_STANDARD = gnu17;
				GCC_DYNAMIC_NO_PIC = NO;
				GCC_NO_COMMON_BLOCKS = YES;
				GCC_OPTIMIZATION_LEVEL = 0;
				GCC_PREPROCESSOR_DEFINITIONS = (
					"DEBUG=1",
					"$(inherited)",
				);
				GCC_WARN_64_TO_32_BIT_CONVERSION = YES;
				GCC_WARN_ABOUT_RETURN_TYPE = YES_ERROR;
				GCC_WARN_UNDECLARED_SELECTOR = YES;
				GCC_WARN_UNINITIALIZED_AUTOS = YES_AGGRESSIVE;
				GCC_WARN_UNUSED_FUNCTION = YES;
				GCC_WARN_UNUSED_VARIABLE = YES;
				HEADER_SEARCH_PATHS = "$(ProejctDir)/..";
				IPHONEOS_DEPLOYMENT_TARGET = 18.2;
				LOCALIZATION_PREFERS_STRING_CATALOGS = YES;
				MTL_ENABLE_DEBUG_INFO = INCLUDE_SOURCE;
				MTL_FAST_MATH = YES;
				ONLY_ACTIVE_ARCH = YES;
				SDKROOT = iphoneos;
			};
			name = Debug;
		};
		3C61904D2E83F8AA00A309C9 /* Release */ = {
			isa = XCBuildConfiguration;
			buildSettings = {
				ALWAYS_SEARCH_USER_PATHS = NO;
				ASSETCATALOG_COMPILER_GENERATE_SWIFT_ASSET_SYMBOL_EXTENSIONS = YES;
				CLANG_ANALYZER_NONNULL = YES;
				CLANG_ANALYZER_NUMBER_OBJECT_CONVERSION = YES_AGGRESSIVE;
				CLANG_CXX_LANGUAGE_STANDARD = "gnu++20";
				CLANG_ENABLE_MODULES = YES;
				CLANG_ENABLE_OBJC_ARC = YES;
				CLANG_ENABLE_OBJC_WEAK = YES;
				CLANG_WARN_BLOCK_CAPTURE_AUTORELEASING = YES;
				CLANG_WARN_BOOL_CONVERSION = YES;
				CLANG_WARN_COMMA = YES;
				CLANG_WARN_CONSTANT_CONVERSION = YES;
				CLANG_WARN_DEPRECATED_OBJC_IMPLEMENTATIONS = YES;
				CLANG_WARN_DIRECT_OBJC_ISA_USAGE = YES_ERROR;
				CLANG_WARN_DOCUMENTATION_COMMENTS = YES;
				CLANG_WARN_EMPTY_BODY = YES;
				CLANG_WARN_ENUM_CONVERSION = YES;
				CLANG_WARN_INFINITE_RECURSION = YES;
				CLANG_WARN_INT_CONVERSION = YES;
				CLANG_WARN_NON_LITERAL_NULL_CONVERSION = YES;
				CLANG_WARN_OBJC_IMPLICIT_RETAIN_SELF = YES;
				CLANG_WARN_OBJC_LITERAL_CONVERSION = YES;
				CLANG_WARN_OBJC_ROOT_CLASS = YES_ERROR;
				CLANG_WARN_QUOTED_INCLUDE_IN_FRAMEWORK_HEADER = YES;
				CLANG_WARN_RANGE_LOOP_ANALYSIS = YES;
				CLANG_WARN_STRICT_PROTOTYPES = YES;
				CLANG_WARN_SUSPICIOUS_MOVE = YES;
				CLANG_WARN_UNGUARDED_AVAILABILITY = YES_AGGRESSIVE;
				CLANG_WARN_UNREACHABLE_CODE = YES;
				CLANG_WARN__DUPLICATE_METHOD_MATCH = YES;
				COPY_PHASE_STRIP = NO;
				DEBUG_INFORMATION_FORMAT = "dwarf-with-dsym";
				ENABLE_NS_ASSERTIONS = NO;
				ENABLE_STRICT_OBJC_MSGSEND = YES;
				ENABLE_USER_SCRIPT_SANDBOXING = YES;
				GCC_C_LANGUAGE_STANDARD = gnu17;
				GCC_NO_COMMON_BLOCKS = YES;
				GCC_WARN_64_TO_32_BIT_CONVERSION = YES;
				GCC_WARN_ABOUT_RETURN_TYPE = YES_ERROR;
				GCC_WARN_UNDECLARED_SELECTOR = YES;
				GCC_WARN_UNINITIALIZED_AUTOS = YES_AGGRESSIVE;
				GCC_WARN_UNUSED_FUNCTION = YES;
				GCC_WARN_UNUSED_VARIABLE = YES;
				HEADER_SEARCH_PATHS = "$(ProejctDir)/..";
				IPHONEOS_DEPLOYMENT_TARGET = 18.2;
				LOCALIZATION_PREFERS_STRING_CATALOGS = YES;
				MTL_ENABLE_DEBUG_INFO = NO;
				MTL_FAST_MATH = YES;
				SDKROOT = iphoneos;
				VALIDATE_PRODUCT = YES;
			};
			name = Release;
		};
		3C61904F2E83F8AA00A309C9 /* Debug */ = {
			isa = XCBuildConfiguration;
			buildSettings = {
				CODE_SIGN_STYLE = Automatic;
				DEVELOPMENT_TEAM = 9323VVAU9C;
				HEADER_SEARCH_PATHS = "$(SRCROOT)/..";
				IPHONEOS_DEPLOYMENT_TARGET = 15.6;
				OTHER_LDFLAGS = "-ObjC";
				PRODUCT_NAME = "$(TARGET_NAME)";
				SKIP_INSTALL = YES;
				TARGETED_DEVICE_FAMILY = "1,2";
			};
			name = Debug;
		};
		3C6190502E83F8AA00A309C9 /* Release */ = {
			isa = XCBuildConfiguration;
			buildSettings = {
				CODE_SIGN_STYLE = Automatic;
				DEVELOPMENT_TEAM = 9323VVAU9C;
				HEADER_SEARCH_PATHS = "$(SRCROOT)/..";
				IPHONEOS_DEPLOYMENT_TARGET = 15.6;
				OTHER_LDFLAGS = "-ObjC";
				PRODUCT_NAME = "$(TARGET_NAME)";
				SKIP_INSTALL = YES;
				TARGETED_DEVICE_FAMILY = "1,2";
			};
			name = Release;
		};
/* End XCBuildConfiguration section */

/* Begin XCConfigurationList section */
		3C61903F2E83F8AA00A309C9 /* Build configuration list for PBXProject "CornerStoneSDK" */ = {
			isa = XCConfigurationList;
			buildConfigurations = (
				3C61904C2E83F8AA00A309C9 /* Debug */,
				3C61904D2E83F8AA00A309C9 /* Release */,
			);
			defaultConfigurationIsVisible = 0;
			defaultConfigurationName = Release;
		};
		3C61904E2E83F8AA00A309C9 /* Build configuration list for PBXNativeTarget "CornerStoneSDK" */ = {
			isa = XCConfigurationList;
			buildConfigurations = (
				3C61904F2E83F8AA00A309C9 /* Debug */,
				3C6190502E83F8AA00A309C9 /* Release */,
			);
			defaultConfigurationIsVisible = 0;
			defaultConfigurationName = Release;
		};
/* End XCConfigurationList section */
	};
	rootObject = 3C61903C2E83F8AA00A309C9 /* Project object */;
}
